{
  "name": "ciesvi",
  "version": "0.0.0",
  "lockfileVersion": 1,
  "requires": true,
  "dependencies": {
    "turtler": {
      "version": "1.0.2",
      "resolved": "https://registry.npmjs.org/turtler/-/turtler-1.0.2.tgz",
      "integrity": "sha512-X2twbVAuKrVuknpUsnAGXinje5Gp/IgEkMgo8jBjf+in4ieVkcIyKMpkmbupKqZ/U1MRLnz7PeOIO8CZGBbajA=="
    }
  }
}
